// !$*UTF8*$!
{
	archiveVersion = 1;
	classes = {
	};
	objectVersion = 55;
	objects = {

/* Begin PBXBuildFile section */
		A306FF22284F6AE7000EBF48 /* WeatherViewController.swift in Sources */ = {isa = PBXBuildFile; fileRef = A306FF21284F6AE7000EBF48 /* WeatherViewController.swift */; };
		A306FF24284F6CF3000EBF48 /* WeatherTableViewCell.swift in Sources */ = {isa = PBXBuildFile; fileRef = A306FF23284F6CF3000EBF48 /* WeatherTableViewCell.swift */; };
		A3792CEE281FE7DD00BB8ADD /* AppDelegate.swift in Sources */ = {isa = PBXBuildFile; fileRef = A3792CED281FE7DD00BB8ADD /* AppDelegate.swift */; };
		A3792CF0281FE7DD00BB8ADD /* SceneDelegate.swift in Sources */ = {isa = PBXBuildFile; fileRef = A3792CEF281FE7DD00BB8ADD /* SceneDelegate.swift */; };
		A3792CF8281FE7DD00BB8ADD /* TravelList.xcdatamodeld in Sources */ = {isa = PBXBuildFile; fileRef = A3792CF6281FE7DD00BB8ADD /* TravelList.xcdatamodeld */; };
		A3792CFA281FE7DE00BB8ADD /* Assets.xcassets in Resources */ = {isa = PBXBuildFile; fileRef = A3792CF9281FE7DE00BB8ADD /* Assets.xcassets */; };
		A3792CFD281FE7DE00BB8ADD /* LaunchScreen.storyboard in Resources */ = {isa = PBXBuildFile; fileRef = A3792CFB281FE7DE00BB8ADD /* LaunchScreen.storyboard */; };
		A3792D08281FE7DE00BB8ADD /* TravelListTests.swift in Sources */ = {isa = PBXBuildFile; fileRef = A3792D07281FE7DE00BB8ADD /* TravelListTests.swift */; };
		A3792D12281FE7DE00BB8ADD /* TravelListUITests.swift in Sources */ = {isa = PBXBuildFile; fileRef = A3792D11281FE7DE00BB8ADD /* TravelListUITests.swift */; };
		A3792D14281FE7DF00BB8ADD /* TravelListUITestsLaunchTests.swift in Sources */ = {isa = PBXBuildFile; fileRef = A3792D13281FE7DF00BB8ADD /* TravelListUITestsLaunchTests.swift */; };
		A3792D21281FEE5C00BB8ADD /* CustomViewController.swift in Sources */ = {isa = PBXBuildFile; fileRef = A3792D20281FEE5C00BB8ADD /* CustomViewController.swift */; };
		A3792D23281FF9DE00BB8ADD /* ModelRoute.swift in Sources */ = {isa = PBXBuildFile; fileRef = A3792D22281FF9DE00BB8ADD /* ModelRoute.swift */; };
		A38C2B6F284DE42600473A78 /* PlanningCollectionViewCellViewModel.swift in Sources */ = {isa = PBXBuildFile; fileRef = A38C2B6E284DE42600473A78 /* PlanningCollectionViewCellViewModel.swift */; };
		A38C2B71284E060C00473A78 /* CollectionViewModel.swift in Sources */ = {isa = PBXBuildFile; fileRef = A38C2B70284E060C00473A78 /* CollectionViewModel.swift */; };
		A38F4299283BB97B000A50B9 /* RoutePlanningViewController.swift in Sources */ = {isa = PBXBuildFile; fileRef = A38F4298283BB97B000A50B9 /* RoutePlanningViewController.swift */; };
		A38F429C283BBE98000A50B9 /* TableViewModel.swift in Sources */ = {isa = PBXBuildFile; fileRef = A38F429B283BBE98000A50B9 /* TableViewModel.swift */; };
		A39A8BA02848C8A1001584D9 /* ModelPlanningRoute.swift in Sources */ = {isa = PBXBuildFile; fileRef = A39A8B9F2848C8A1001584D9 /* ModelPlanningRoute.swift */; };
		A39A8BA22848EC31001584D9 /* PlanningCollectionViewCell.swift in Sources */ = {isa = PBXBuildFile; fileRef = A39A8BA12848EC31001584D9 /* PlanningCollectionViewCell.swift */; };
		A3A85F4828252AED002D91F8 /* CollectionViewModelType.swift in Sources */ = {isa = PBXBuildFile; fileRef = A3A85F4728252AED002D91F8 /* CollectionViewModelType.swift */; };
		A3A85F4A28252E77002D91F8 /* CollectionViewCellViewModelType.swift in Sources */ = {isa = PBXBuildFile; fileRef = A3A85F4928252E77002D91F8 /* CollectionViewCellViewModelType.swift */; };
		A3A85F4C28253406002D91F8 /* ViewDetailType.swift in Sources */ = {isa = PBXBuildFile; fileRef = A3A85F4B28253406002D91F8 /* ViewDetailType.swift */; };
		A3BA59E328365EF600CED1BB /* RouteTableViewCell.swift in Sources */ = {isa = PBXBuildFile; fileRef = A3BA59E228365EF600CED1BB /* RouteTableViewCell.swift */; };
		A3C8CE26284F85D1000FA4C6 /* WeatherModel.swift in Sources */ = {isa = PBXBuildFile; fileRef = A3C8CE25284F85D1000FA4C6 /* WeatherModel.swift */; };
		A3C8CE28284F862B000FA4C6 /* MapViewController.swift in Sources */ = {isa = PBXBuildFile; fileRef = A3C8CE27284F862B000FA4C6 /* MapViewController.swift */; };
		A3C8CE2A284F866F000FA4C6 /* MapModel.swift in Sources */ = {isa = PBXBuildFile; fileRef = A3C8CE29284F866F000FA4C6 /* MapModel.swift */; };
		A3CE8A2F2861B8DA00C05F07 /* CurrentWeather.swift in Sources */ = {isa = PBXBuildFile; fileRef = A3CE8A2E2861B8DA00C05F07 /* CurrentWeather.swift */; };
		A3CE8A312861B91C00C05F07 /* CurrentWeatherData.swift in Sources */ = {isa = PBXBuildFile; fileRef = A3CE8A302861B91C00C05F07 /* CurrentWeatherData.swift */; };
		A3E40F9328229A3700572956 /* TableViewViewModelType.swift in Sources */ = {isa = PBXBuildFile; fileRef = A3E40F9228229A3700572956 /* TableViewViewModelType.swift */; };
		A3E40F9628229ADD00572956 /* TableViewCellViewModelType.swift in Sources */ = {isa = PBXBuildFile; fileRef = A3E40F9528229ADD00572956 /* TableViewCellViewModelType.swift */; };
		A3E40F9A28229B7200572956 /* Box.swift in Sources */ = {isa = PBXBuildFile; fileRef = A3E40F9928229B7200572956 /* Box.swift */; };
		A3E89A3A283CC38C006EB955 /* TableViewCellViewModel.swift in Sources */ = {isa = PBXBuildFile; fileRef = A3E89A39283CC38C006EB955 /* TableViewCellViewModel.swift */; };
		A3E89A3C283CD550006EB955 /* DetailRoutePlanningViewModelType.swift in Sources */ = {isa = PBXBuildFile; fileRef = A3E89A3B283CD550006EB955 /* DetailRoutePlanningViewModelType.swift */; };
		A3F7264A285079B700E7A907 /* ListOfPlacesViewController.swift in Sources */ = {isa = PBXBuildFile; fileRef = A3F72649285079B700E7A907 /* ListOfPlacesViewController.swift */; };
		A3F7264C28507A4F00E7A907 /* ListOfPlacesTableViewCell.swift in Sources */ = {isa = PBXBuildFile; fileRef = A3F7264B28507A4F00E7A907 /* ListOfPlacesTableViewCell.swift */; };
		A3F7264F28507C3900E7A907 /* CheckListViewController.swift in Sources */ = {isa = PBXBuildFile; fileRef = A3F7264E28507C3900E7A907 /* CheckListViewController.swift */; };
		A3F7265128507C5600E7A907 /* CheckListTableViewCell.swift in Sources */ = {isa = PBXBuildFile; fileRef = A3F7265028507C5600E7A907 /* CheckListTableViewCell.swift */; };
		A3F726532850C95700E7A907 /* NetworkManager.swift in Sources */ = {isa = PBXBuildFile; fileRef = A3F726522850C95700E7A907 /* NetworkManager.swift */; };
/* End PBXBuildFile section */

/* Begin PBXContainerItemProxy section */
		A3792D04281FE7DE00BB8ADD /* PBXContainerItemProxy */ = {
			isa = PBXContainerItemProxy;
			containerPortal = A3792CE2281FE7DD00BB8ADD /* Project object */;
			proxyType = 1;
			remoteGlobalIDString = A3792CE9281FE7DD00BB8ADD;
			remoteInfo = TravelList;
		};
		A3792D0E281FE7DE00BB8ADD /* PBXContainerItemProxy */ = {
			isa = PBXContainerItemProxy;
			containerPortal = A3792CE2281FE7DD00BB8ADD /* Project object */;
			proxyType = 1;
			remoteGlobalIDString = A3792CE9281FE7DD00BB8ADD;
			remoteInfo = TravelList;
		};
/* End PBXContainerItemProxy section */

/* Begin PBXFileReference section */
		A306FF21284F6AE7000EBF48 /* WeatherViewController.swift */ = {isa = PBXFileReference; lastKnownFileType = sourcecode.swift; path = WeatherViewController.swift; sourceTree = "<group>"; };
		A306FF23284F6CF3000EBF48 /* WeatherTableViewCell.swift */ = {isa = PBXFileReference; lastKnownFileType = sourcecode.swift; path = WeatherTableViewCell.swift; sourceTree = "<group>"; };
		A3792CEA281FE7DD00BB8ADD /* TravelList.app */ = {isa = PBXFileReference; explicitFileType = wrapper.application; includeInIndex = 0; path = TravelList.app; sourceTree = BUILT_PRODUCTS_DIR; };
		A3792CED281FE7DD00BB8ADD /* AppDelegate.swift */ = {isa = PBXFileReference; lastKnownFileType = sourcecode.swift; path = AppDelegate.swift; sourceTree = "<group>"; };
		A3792CEF281FE7DD00BB8ADD /* SceneDelegate.swift */ = {isa = PBXFileReference; lastKnownFileType = sourcecode.swift; path = SceneDelegate.swift; sourceTree = "<group>"; };
		A3792CF7281FE7DD00BB8ADD /* TravelList.xcdatamodel */ = {isa = PBXFileReference; lastKnownFileType = wrapper.xcdatamodel; path = TravelList.xcdatamodel; sourceTree = "<group>"; };
		A3792CF9281FE7DE00BB8ADD /* Assets.xcassets */ = {isa = PBXFileReference; lastKnownFileType = folder.assetcatalog; path = Assets.xcassets; sourceTree = "<group>"; };
		A3792CFC281FE7DE00BB8ADD /* Base */ = {isa = PBXFileReference; lastKnownFileType = file.storyboard; name = Base; path = Base.lproj/LaunchScreen.storyboard; sourceTree = "<group>"; };
		A3792CFE281FE7DE00BB8ADD /* Info.plist */ = {isa = PBXFileReference; lastKnownFileType = text.plist.xml; path = Info.plist; sourceTree = "<group>"; };
		A3792D03281FE7DE00BB8ADD /* TravelListTests.xctest */ = {isa = PBXFileReference; explicitFileType = wrapper.cfbundle; includeInIndex = 0; path = TravelListTests.xctest; sourceTree = BUILT_PRODUCTS_DIR; };
		A3792D07281FE7DE00BB8ADD /* TravelListTests.swift */ = {isa = PBXFileReference; lastKnownFileType = sourcecode.swift; path = TravelListTests.swift; sourceTree = "<group>"; };
		A3792D0D281FE7DE00BB8ADD /* TravelListUITests.xctest */ = {isa = PBXFileReference; explicitFileType = wrapper.cfbundle; includeInIndex = 0; path = TravelListUITests.xctest; sourceTree = BUILT_PRODUCTS_DIR; };
		A3792D11281FE7DE00BB8ADD /* TravelListUITests.swift */ = {isa = PBXFileReference; lastKnownFileType = sourcecode.swift; path = TravelListUITests.swift; sourceTree = "<group>"; };
		A3792D13281FE7DF00BB8ADD /* TravelListUITestsLaunchTests.swift */ = {isa = PBXFileReference; lastKnownFileType = sourcecode.swift; path = TravelListUITestsLaunchTests.swift; sourceTree = "<group>"; };
		A3792D20281FEE5C00BB8ADD /* CustomViewController.swift */ = {isa = PBXFileReference; lastKnownFileType = sourcecode.swift; path = CustomViewController.swift; sourceTree = "<group>"; };
		A3792D22281FF9DE00BB8ADD /* ModelRoute.swift */ = {isa = PBXFileReference; lastKnownFileType = sourcecode.swift; path = ModelRoute.swift; sourceTree = "<group>"; };
		A38C2B6E284DE42600473A78 /* PlanningCollectionViewCellViewModel.swift */ = {isa = PBXFileReference; lastKnownFileType = sourcecode.swift; path = PlanningCollectionViewCellViewModel.swift; sourceTree = "<group>"; };
		A38C2B70284E060C00473A78 /* CollectionViewModel.swift */ = {isa = PBXFileReference; lastKnownFileType = sourcecode.swift; path = CollectionViewModel.swift; sourceTree = "<group>"; };
		A38F4298283BB97B000A50B9 /* RoutePlanningViewController.swift */ = {isa = PBXFileReference; lastKnownFileType = sourcecode.swift; path = RoutePlanningViewController.swift; sourceTree = "<group>"; };
		A38F429B283BBE98000A50B9 /* TableViewModel.swift */ = {isa = PBXFileReference; lastKnownFileType = sourcecode.swift; path = TableViewModel.swift; sourceTree = "<group>"; };
		A39A8B9F2848C8A1001584D9 /* ModelPlanningRoute.swift */ = {isa = PBXFileReference; lastKnownFileType = sourcecode.swift; path = ModelPlanningRoute.swift; sourceTree = "<group>"; };
		A39A8BA12848EC31001584D9 /* PlanningCollectionViewCell.swift */ = {isa = PBXFileReference; lastKnownFileType = sourcecode.swift; path = PlanningCollectionViewCell.swift; sourceTree = "<group>"; };
		A3A85F4728252AED002D91F8 /* CollectionViewModelType.swift */ = {isa = PBXFileReference; lastKnownFileType = sourcecode.swift; path = CollectionViewModelType.swift; sourceTree = "<group>"; };
		A3A85F4928252E77002D91F8 /* CollectionViewCellViewModelType.swift */ = {isa = PBXFileReference; lastKnownFileType = sourcecode.swift; path = CollectionViewCellViewModelType.swift; sourceTree = "<group>"; };
		A3A85F4B28253406002D91F8 /* ViewDetailType.swift */ = {isa = PBXFileReference; lastKnownFileType = sourcecode.swift; path = ViewDetailType.swift; sourceTree = "<group>"; };
		A3BA59E228365EF600CED1BB /* RouteTableViewCell.swift */ = {isa = PBXFileReference; lastKnownFileType = sourcecode.swift; path = RouteTableViewCell.swift; sourceTree = "<group>"; };
		A3C8CE25284F85D1000FA4C6 /* WeatherModel.swift */ = {isa = PBXFileReference; lastKnownFileType = sourcecode.swift; path = WeatherModel.swift; sourceTree = "<group>"; };
		A3C8CE27284F862B000FA4C6 /* MapViewController.swift */ = {isa = PBXFileReference; lastKnownFileType = sourcecode.swift; path = MapViewController.swift; sourceTree = "<group>"; };
		A3C8CE29284F866F000FA4C6 /* MapModel.swift */ = {isa = PBXFileReference; lastKnownFileType = sourcecode.swift; path = MapModel.swift; sourceTree = "<group>"; };
		A3CE8A2E2861B8DA00C05F07 /* CurrentWeather.swift */ = {isa = PBXFileReference; lastKnownFileType = sourcecode.swift; path = CurrentWeather.swift; sourceTree = "<group>"; };
		A3CE8A302861B91C00C05F07 /* CurrentWeatherData.swift */ = {isa = PBXFileReference; lastKnownFileType = sourcecode.swift; path = CurrentWeatherData.swift; sourceTree = "<group>"; };
		A3E40F9228229A3700572956 /* TableViewViewModelType.swift */ = {isa = PBXFileReference; lastKnownFileType = sourcecode.swift; path = TableViewViewModelType.swift; sourceTree = "<group>"; };
		A3E40F9528229ADD00572956 /* TableViewCellViewModelType.swift */ = {isa = PBXFileReference; lastKnownFileType = sourcecode.swift; path = TableViewCellViewModelType.swift; sourceTree = "<group>"; };
		A3E40F9928229B7200572956 /* Box.swift */ = {isa = PBXFileReference; lastKnownFileType = sourcecode.swift; path = Box.swift; sourceTree = "<group>"; };
		A3E89A39283CC38C006EB955 /* TableViewCellViewModel.swift */ = {isa = PBXFileReference; lastKnownFileType = sourcecode.swift; path = TableViewCellViewModel.swift; sourceTree = "<group>"; };
		A3E89A3B283CD550006EB955 /* DetailRoutePlanningViewModelType.swift */ = {isa = PBXFileReference; lastKnownFileType = sourcecode.swift; path = DetailRoutePlanningViewModelType.swift; sourceTree = "<group>"; };
		A3F72649285079B700E7A907 /* ListOfPlacesViewController.swift */ = {isa = PBXFileReference; lastKnownFileType = sourcecode.swift; path = ListOfPlacesViewController.swift; sourceTree = "<group>"; };
		A3F7264B28507A4F00E7A907 /* ListOfPlacesTableViewCell.swift */ = {isa = PBXFileReference; lastKnownFileType = sourcecode.swift; path = ListOfPlacesTableViewCell.swift; sourceTree = "<group>"; };
		A3F7264E28507C3900E7A907 /* CheckListViewController.swift */ = {isa = PBXFileReference; lastKnownFileType = sourcecode.swift; path = CheckListViewController.swift; sourceTree = "<group>"; };
		A3F7265028507C5600E7A907 /* CheckListTableViewCell.swift */ = {isa = PBXFileReference; lastKnownFileType = sourcecode.swift; path = CheckListTableViewCell.swift; sourceTree = "<group>"; };
		A3F726522850C95700E7A907 /* NetworkManager.swift */ = {isa = PBXFileReference; lastKnownFileType = sourcecode.swift; path = NetworkManager.swift; sourceTree = "<group>"; };
/* End PBXFileReference section */

/* Begin PBXFrameworksBuildPhase section */
		A3792CE7281FE7DD00BB8ADD /* Frameworks */ = {
			isa = PBXFrameworksBuildPhase;
			buildActionMask = 2147483647;
			files = (
			);
			runOnlyForDeploymentPostprocessing = 0;
		};
		A3792D00281FE7DE00BB8ADD /* Frameworks */ = {
			isa = PBXFrameworksBuildPhase;
			buildActionMask = 2147483647;
			files = (
			);
			runOnlyForDeploymentPostprocessing = 0;
		};
		A3792D0A281FE7DE00BB8ADD /* Frameworks */ = {
			isa = PBXFrameworksBuildPhase;
			buildActionMask = 2147483647;
			files = (
			);
			runOnlyForDeploymentPostprocessing = 0;
		};
/* End PBXFrameworksBuildPhase section */

/* Begin PBXGroup section */
		A3792CE1281FE7DD00BB8ADD = {
			isa = PBXGroup;
			children = (
				A3792CEC281FE7DD00BB8ADD /* TravelList */,
				A3792D06281FE7DE00BB8ADD /* TravelListTests */,
				A3792D10281FE7DE00BB8ADD /* TravelListUITests */,
				A3792CEB281FE7DD00BB8ADD /* Products */,
			);
			sourceTree = "<group>";
		};
		A3792CEB281FE7DD00BB8ADD /* Products */ = {
			isa = PBXGroup;
			children = (
				A3792CEA281FE7DD00BB8ADD /* TravelList.app */,
				A3792D03281FE7DE00BB8ADD /* TravelListTests.xctest */,
				A3792D0D281FE7DE00BB8ADD /* TravelListUITests.xctest */,
			);
			name = Products;
			sourceTree = "<group>";
		};
		A3792CEC281FE7DD00BB8ADD /* TravelList */ = {
			isa = PBXGroup;
			children = (
				A3792CED281FE7DD00BB8ADD /* AppDelegate.swift */,
				A3792CEF281FE7DD00BB8ADD /* SceneDelegate.swift */,
				A3E40F9928229B7200572956 /* Box.swift */,
				A3E40F9428229A5400572956 /* Protocols */,
				A3E40F9B28229BA500572956 /* View */,
				A38F429A283BBE3E000A50B9 /* ViewModel */,
				A3792D24281FF9FA00BB8ADD /* Model */,
				A3792CF9281FE7DE00BB8ADD /* Assets.xcassets */,
				A3792CFB281FE7DE00BB8ADD /* LaunchScreen.storyboard */,
				A3792CFE281FE7DE00BB8ADD /* Info.plist */,
				A3792CF6281FE7DD00BB8ADD /* TravelList.xcdatamodeld */,
			);
			path = TravelList;
			sourceTree = "<group>";
		};
		A3792D06281FE7DE00BB8ADD /* TravelListTests */ = {
			isa = PBXGroup;
			children = (
				A3792D07281FE7DE00BB8ADD /* TravelListTests.swift */,
			);
			path = TravelListTests;
			sourceTree = "<group>";
		};
		A3792D10281FE7DE00BB8ADD /* TravelListUITests */ = {
			isa = PBXGroup;
			children = (
				A3792D11281FE7DE00BB8ADD /* TravelListUITests.swift */,
				A3792D13281FE7DF00BB8ADD /* TravelListUITestsLaunchTests.swift */,
			);
			path = TravelListUITests;
			sourceTree = "<group>";
		};
		A3792D24281FF9FA00BB8ADD /* Model */ = {
			isa = PBXGroup;
			children = (
				A3CE8A302861B91C00C05F07 /* CurrentWeatherData.swift */,
				A3F726522850C95700E7A907 /* NetworkManager.swift */,
				A3792D22281FF9DE00BB8ADD /* ModelRoute.swift */,
				A39A8B9F2848C8A1001584D9 /* ModelPlanningRoute.swift */,
				A3C8CE25284F85D1000FA4C6 /* WeatherModel.swift */,
				A3C8CE29284F866F000FA4C6 /* MapModel.swift */,
			);
			path = Model;
			sourceTree = "<group>";
		};
		A38F429A283BBE3E000A50B9 /* ViewModel */ = {
			isa = PBXGroup;
			children = (
				A3CE8A2E2861B8DA00C05F07 /* CurrentWeather.swift */,
				A38F429B283BBE98000A50B9 /* TableViewModel.swift */,
				A38C2B70284E060C00473A78 /* CollectionViewModel.swift */,
				A3E89A39283CC38C006EB955 /* TableViewCellViewModel.swift */,
				A3E89A3B283CD550006EB955 /* DetailRoutePlanningViewModelType.swift */,
				A38C2B6E284DE42600473A78 /* PlanningCollectionViewCellViewModel.swift */,
			);
			path = ViewModel;
			sourceTree = "<group>";
		};
		A3C8CE22284F854C000FA4C6 /* FirstScreen */ = {
			isa = PBXGroup;
			children = (
				A3792D20281FEE5C00BB8ADD /* CustomViewController.swift */,
				A3BA59E228365EF600CED1BB /* RouteTableViewCell.swift */,
			);
			path = FirstScreen;
			sourceTree = "<group>";
		};
		A3C8CE23284F8588000FA4C6 /* WeatherScreen */ = {
			isa = PBXGroup;
			children = (
				A306FF21284F6AE7000EBF48 /* WeatherViewController.swift */,
				A306FF23284F6CF3000EBF48 /* WeatherTableViewCell.swift */,
			);
			path = WeatherScreen;
			sourceTree = "<group>";
		};
		A3C8CE24284F85A3000FA4C6 /* PlanningRouteScreen */ = {
			isa = PBXGroup;
			children = (
				A38F4298283BB97B000A50B9 /* RoutePlanningViewController.swift */,
				A39A8BA12848EC31001584D9 /* PlanningCollectionViewCell.swift */,
			);
			path = PlanningRouteScreen;
			sourceTree = "<group>";
		};
		A3E40F9428229A5400572956 /* Protocols */ = {
			isa = PBXGroup;
			children = (
				A3E40F9228229A3700572956 /* TableViewViewModelType.swift */,
				A3E40F9528229ADD00572956 /* TableViewCellViewModelType.swift */,
				A3A85F4728252AED002D91F8 /* CollectionViewModelType.swift */,
				A3A85F4B28253406002D91F8 /* ViewDetailType.swift */,
				A3A85F4928252E77002D91F8 /* CollectionViewCellViewModelType.swift */,
			);
			path = Protocols;
			sourceTree = "<group>";
		};
		A3E40F9B28229BA500572956 /* View */ = {
			isa = PBXGroup;
			children = (
				A3F7264D28507C1400E7A907 /* CheckList */,
				A3F726482850798000E7A907 /* ListOfPlaces */,
				A3C8CE22284F854C000FA4C6 /* FirstScreen */,
				A3C8CE23284F8588000FA4C6 /* WeatherScreen */,
				A3C8CE24284F85A3000FA4C6 /* PlanningRouteScreen */,
				A3C8CE27284F862B000FA4C6 /* MapViewController.swift */,
			);
			path = View;
			sourceTree = "<group>";
		};
		A3F726482850798000E7A907 /* ListOfPlaces */ = {
			isa = PBXGroup;
			children = (
				A3F72649285079B700E7A907 /* ListOfPlacesViewController.swift */,
				A3F7264B28507A4F00E7A907 /* ListOfPlacesTableViewCell.swift */,
			);
			path = ListOfPlaces;
			sourceTree = "<group>";
		};
		A3F7264D28507C1400E7A907 /* CheckList */ = {
			isa = PBXGroup;
			children = (
				A3F7264E28507C3900E7A907 /* CheckListViewController.swift */,
				A3F7265028507C5600E7A907 /* CheckListTableViewCell.swift */,
			);
			path = CheckList;
			sourceTree = "<group>";
		};
/* End PBXGroup section */

/* Begin PBXNativeTarget section */
		A3792CE9281FE7DD00BB8ADD /* TravelList */ = {
			isa = PBXNativeTarget;
			buildConfigurationList = A3792D17281FE7DF00BB8ADD /* Build configuration list for PBXNativeTarget "TravelList" */;
			buildPhases = (
				A3792CE6281FE7DD00BB8ADD /* Sources */,
				A3792CE7281FE7DD00BB8ADD /* Frameworks */,
				A3792CE8281FE7DD00BB8ADD /* Resources */,
			);
			buildRules = (
			);
			dependencies = (
			);
			name = TravelList;
			productName = TravelList;
			productReference = A3792CEA281FE7DD00BB8ADD /* TravelList.app */;
			productType = "com.apple.product-type.application";
		};
		A3792D02281FE7DE00BB8ADD /* TravelListTests */ = {
			isa = PBXNativeTarget;
			buildConfigurationList = A3792D1A281FE7DF00BB8ADD /* Build configuration list for PBXNativeTarget "TravelListTests" */;
			buildPhases = (
				A3792CFF281FE7DE00BB8ADD /* Sources */,
				A3792D00281FE7DE00BB8ADD /* Frameworks */,
				A3792D01281FE7DE00BB8ADD /* Resources */,
			);
			buildRules = (
			);
			dependencies = (
				A3792D05281FE7DE00BB8ADD /* PBXTargetDependency */,
			);
			name = TravelListTests;
			productName = TravelListTests;
			productReference = A3792D03281FE7DE00BB8ADD /* TravelListTests.xctest */;
			productType = "com.apple.product-type.bundle.unit-test";
		};
		A3792D0C281FE7DE00BB8ADD /* TravelListUITests */ = {
			isa = PBXNativeTarget;
			buildConfigurationList = A3792D1D281FE7DF00BB8ADD /* Build configuration list for PBXNativeTarget "TravelListUITests" */;
			buildPhases = (
				A3792D09281FE7DE00BB8ADD /* Sources */,
				A3792D0A281FE7DE00BB8ADD /* Frameworks */,
				A3792D0B281FE7DE00BB8ADD /* Resources */,
			);
			buildRules = (
			);
			dependencies = (
				A3792D0F281FE7DE00BB8ADD /* PBXTargetDependency */,
			);
			name = TravelListUITests;
			productName = TravelListUITests;
			productReference = A3792D0D281FE7DE00BB8ADD /* TravelListUITests.xctest */;
			productType = "com.apple.product-type.bundle.ui-testing";
		};
/* End PBXNativeTarget section */

/* Begin PBXProject section */
		A3792CE2281FE7DD00BB8ADD /* Project object */ = {
			isa = PBXProject;
			attributes = {
				BuildIndependentTargetsInParallel = 1;
				LastSwiftUpdateCheck = 1320;
				LastUpgradeCheck = 1320;
				TargetAttributes = {
					A3792CE9281FE7DD00BB8ADD = {
						CreatedOnToolsVersion = 13.2.1;
					};
					A3792D02281FE7DE00BB8ADD = {
						CreatedOnToolsVersion = 13.2.1;
						TestTargetID = A3792CE9281FE7DD00BB8ADD;
					};
					A3792D0C281FE7DE00BB8ADD = {
						CreatedOnToolsVersion = 13.2.1;
						TestTargetID = A3792CE9281FE7DD00BB8ADD;
					};
				};
			};
			buildConfigurationList = A3792CE5281FE7DD00BB8ADD /* Build configuration list for PBXProject "TravelList" */;
			compatibilityVersion = "Xcode 13.0";
			developmentRegion = en;
			hasScannedForEncodings = 0;
			knownRegions = (
				en,
				Base,
			);
			mainGroup = A3792CE1281FE7DD00BB8ADD;
			productRefGroup = A3792CEB281FE7DD00BB8ADD /* Products */;
			projectDirPath = "";
			projectRoot = "";
			targets = (
				A3792CE9281FE7DD00BB8ADD /* TravelList */,
				A3792D02281FE7DE00BB8ADD /* TravelListTests */,
				A3792D0C281FE7DE00BB8ADD /* TravelListUITests */,
			);
		};
/* End PBXProject section */

/* Begin PBXResourcesBuildPhase section */
		A3792CE8281FE7DD00BB8ADD /* Resources */ = {
			isa = PBXResourcesBuildPhase;
			buildActionMask = 2147483647;
			files = (
				A3792CFD281FE7DE00BB8ADD /* LaunchScreen.storyboard in Resources */,
				A3792CFA281FE7DE00BB8ADD /* Assets.xcassets in Resources */,
			);
			runOnlyForDeploymentPostprocessing = 0;
		};
		A3792D01281FE7DE00BB8ADD /* Resources */ = {
			isa = PBXResourcesBuildPhase;
			buildActionMask = 2147483647;
			files = (
			);
			runOnlyForDeploymentPostprocessing = 0;
		};
		A3792D0B281FE7DE00BB8ADD /* Resources */ = {
			isa = PBXResourcesBuildPhase;
			buildActionMask = 2147483647;
			files = (
			);
			runOnlyForDeploymentPostprocessing = 0;
		};
/* End PBXResourcesBuildPhase section */

/* Begin PBXSourcesBuildPhase section */
		A3792CE6281FE7DD00BB8ADD /* Sources */ = {
			isa = PBXSourcesBuildPhase;
			buildActionMask = 2147483647;
			files = (
				A3CE8A312861B91C00C05F07 /* CurrentWeatherData.swift in Sources */,
				A39A8BA02848C8A1001584D9 /* ModelPlanningRoute.swift in Sources */,
				A3C8CE2A284F866F000FA4C6 /* MapModel.swift in Sources */,
				A3A85F4A28252E77002D91F8 /* CollectionViewCellViewModelType.swift in Sources */,
				A306FF24284F6CF3000EBF48 /* WeatherTableViewCell.swift in Sources */,
				A38C2B6F284DE42600473A78 /* PlanningCollectionViewCellViewModel.swift in Sources */,
				A38F4299283BB97B000A50B9 /* RoutePlanningViewController.swift in Sources */,
				A3F7264C28507A4F00E7A907 /* ListOfPlacesTableViewCell.swift in Sources */,
				A306FF22284F6AE7000EBF48 /* WeatherViewController.swift in Sources */,
				A38C2B71284E060C00473A78 /* CollectionViewModel.swift in Sources */,
				A3F7264A285079B700E7A907 /* ListOfPlacesViewController.swift in Sources */,
				A3C8CE28284F862B000FA4C6 /* MapViewController.swift in Sources */,
				A3BA59E328365EF600CED1BB /* RouteTableViewCell.swift in Sources */,
				A3F726532850C95700E7A907 /* NetworkManager.swift in Sources */,
				A3A85F4C28253406002D91F8 /* ViewDetailType.swift in Sources */,
				A3792D23281FF9DE00BB8ADD /* ModelRoute.swift in Sources */,
				A3E89A3A283CC38C006EB955 /* TableViewCellViewModel.swift in Sources */,
				A38F429C283BBE98000A50B9 /* TableViewModel.swift in Sources */,
				A3792D21281FEE5C00BB8ADD /* CustomViewController.swift in Sources */,
				A3792CF8281FE7DD00BB8ADD /* TravelList.xcdatamodeld in Sources */,
				A3792CEE281FE7DD00BB8ADD /* AppDelegate.swift in Sources */,
				A3E40F9628229ADD00572956 /* TableViewCellViewModelType.swift in Sources */,
				A39A8BA22848EC31001584D9 /* PlanningCollectionViewCell.swift in Sources */,
				A3CE8A2F2861B8DA00C05F07 /* CurrentWeather.swift in Sources */,
				A3F7264F28507C3900E7A907 /* CheckListViewController.swift in Sources */,
				A3E89A3C283CD550006EB955 /* DetailRoutePlanningViewModelType.swift in Sources */,
				A3F7265128507C5600E7A907 /* CheckListTableViewCell.swift in Sources */,
				A3A85F4828252AED002D91F8 /* CollectionViewModelType.swift in Sources */,
				A3C8CE26284F85D1000FA4C6 /* WeatherModel.swift in Sources */,
				A3E40F9328229A3700572956 /* TableViewViewModelType.swift in Sources */,
				A3792CF0281FE7DD00BB8ADD /* SceneDelegate.swift in Sources */,
				A3E40F9A28229B7200572956 /* Box.swift in Sources */,
			);
			runOnlyForDeploymentPostprocessing = 0;
		};
		A3792CFF281FE7DE00BB8ADD /* Sources */ = {
			isa = PBXSourcesBuildPhase;
			buildActionMask = 2147483647;
			files = (
				A3792D08281FE7DE00BB8ADD /* TravelListTests.swift in Sources */,
			);
			runOnlyForDeploymentPostprocessing = 0;
		};
		A3792D09281FE7DE00BB8ADD /* Sources */ = {
			isa = PBXSourcesBuildPhase;
			buildActionMask = 2147483647;
			files = (
				A3792D14281FE7DF00BB8ADD /* TravelListUITestsLaunchTests.swift in Sources */,
				A3792D12281FE7DE00BB8ADD /* TravelListUITests.swift in Sources */,
			);
			runOnlyForDeploymentPostprocessing = 0;
		};
/* End PBXSourcesBuildPhase section */

/* Begin PBXTargetDependency section */
		A3792D05281FE7DE00BB8ADD /* PBXTargetDependency */ = {
			isa = PBXTargetDependency;
			target = A3792CE9281FE7DD00BB8ADD /* TravelList */;
			targetProxy = A3792D04281FE7DE00BB8ADD /* PBXContainerItemProxy */;
		};
		A3792D0F281FE7DE00BB8ADD /* PBXTargetDependency */ = {
			isa = PBXTargetDependency;
			target = A3792CE9281FE7DD00BB8ADD /* TravelList */;
			targetProxy = A3792D0E281FE7DE00BB8ADD /* PBXContainerItemProxy */;
		};
/* End PBXTargetDependency section */

/* Begin PBXVariantGroup section */
		A3792CFB281FE7DE00BB8ADD /* LaunchScreen.storyboard */ = {
			isa = PBXVariantGroup;
			children = (
				A3792CFC281FE7DE00BB8ADD /* Base */,
			);
			name = LaunchScreen.storyboard;
			sourceTree = "<group>";
		};
/* End PBXVariantGroup section */

/* Begin XCBuildConfiguration section */
		A3792D15281FE7DF00BB8ADD /* Debug */ = {
			isa = XCBuildConfiguration;
			buildSettings = {
				ALWAYS_SEARCH_USER_PATHS = NO;
				CLANG_ANALYZER_NONNULL = YES;
				CLANG_ANALYZER_NUMBER_OBJECT_CONVERSION = YES_AGGRESSIVE;
				CLANG_CXX_LANGUAGE_STANDARD = "gnu++17";
				CLANG_CXX_LIBRARY = "libc++";
				CLANG_ENABLE_MODULES = YES;
				CLANG_ENABLE_OBJC_ARC = YES;
				CLANG_ENABLE_OBJC_WEAK = YES;
				CLANG_WARN_BLOCK_CAPTURE_AUTORELEASING = YES;
				CLANG_WARN_BOOL_CONVERSION = YES;
				CLANG_WARN_COMMA = YES;
				CLANG_WARN_CONSTANT_CONVERSION = YES;
				CLANG_WARN_DEPRECATED_OBJC_IMPLEMENTATIONS = YES;
				CLANG_WARN_DIRECT_OBJC_ISA_USAGE = YES_ERROR;
				CLANG_WARN_DOCUMENTATION_COMMENTS = YES;
				CLANG_WARN_EMPTY_BODY = YES;
				CLANG_WARN_ENUM_CONVERSION = YES;
				CLANG_WARN_INFINITE_RECURSION = YES;
				CLANG_WARN_INT_CONVERSION = YES;
				CLANG_WARN_NON_LITERAL_NULL_CONVERSION = YES;
				CLANG_WARN_OBJC_IMPLICIT_RETAIN_SELF = YES;
				CLANG_WARN_OBJC_LITERAL_CONVERSION = YES;
				CLANG_WARN_OBJC_ROOT_CLASS = YES_ERROR;
				CLANG_WARN_QUOTED_INCLUDE_IN_FRAMEWORK_HEADER = YES;
				CLANG_WARN_RANGE_LOOP_ANALYSIS = YES;
				CLANG_WARN_STRICT_PROTOTYPES = YES;
				CLANG_WARN_SUSPICIOUS_MOVE = YES;
				CLANG_WARN_UNGUARDED_AVAILABILITY = YES_AGGRESSIVE;
				CLANG_WARN_UNREACHABLE_CODE = YES;
				CLANG_WARN__DUPLICATE_METHOD_MATCH = YES;
				COPY_PHASE_STRIP = NO;
				DEBUG_INFORMATION_FORMAT = dwarf;
				ENABLE_STRICT_OBJC_MSGSEND = YES;
				ENABLE_TESTABILITY = YES;
				GCC_C_LANGUAGE_STANDARD = gnu11;
				GCC_DYNAMIC_NO_PIC = NO;
				GCC_NO_COMMON_BLOCKS = YES;
				GCC_OPTIMIZATION_LEVEL = 0;
				GCC_PREPROCESSOR_DEFINITIONS = (
					"DEBUG=1",
					"$(inherited)",
				);
				GCC_WARN_64_TO_32_BIT_CONVERSION = YES;
				GCC_WARN_ABOUT_RETURN_TYPE = YES_ERROR;
				GCC_WARN_UNDECLARED_SELECTOR = YES;
				GCC_WARN_UNINITIALIZED_AUTOS = YES_AGGRESSIVE;
				GCC_WARN_UNUSED_FUNCTION = YES;
				GCC_WARN_UNUSED_VARIABLE = YES;
				IPHONEOS_DEPLOYMENT_TARGET = 15.2;
				MTL_ENABLE_DEBUG_INFO = INCLUDE_SOURCE;
				MTL_FAST_MATH = YES;
				ONLY_ACTIVE_ARCH = YES;
				SDKROOT = iphoneos;
				SWIFT_ACTIVE_COMPILATION_CONDITIONS = DEBUG;
				SWIFT_OPTIMIZATION_LEVEL = "-Onone";
			};
			name = Debug;
		};
		A3792D16281FE7DF00BB8ADD /* Release */ = {
			isa = XCBuildConfiguration;
			buildSettings = {
				ALWAYS_SEARCH_USER_PATHS = NO;
				CLANG_ANALYZER_NONNULL = YES;
				CLANG_ANALYZER_NUMBER_OBJECT_CONVERSION = YES_AGGRESSIVE;
				CLANG_CXX_LANGUAGE_STANDARD = "gnu++17";
				CLANG_CXX_LIBRARY = "libc++";
				CLANG_ENABLE_MODULES = YES;
				CLANG_ENABLE_OBJC_ARC = YES;
				CLANG_ENABLE_OBJC_WEAK = YES;
				CLANG_WARN_BLOCK_CAPTURE_AUTORELEASING = YES;
				CLANG_WARN_BOOL_CONVERSION = YES;
				CLANG_WARN_COMMA = YES;
				CLANG_WARN_CONSTANT_CONVERSION = YES;
				CLANG_WARN_DEPRECATED_OBJC_IMPLEMENTATIONS = YES;
				CLANG_WARN_DIRECT_OBJC_ISA_USAGE = YES_ERROR;
				CLANG_WARN_DOCUMENTATION_COMMENTS = YES;
				CLANG_WARN_EMPTY_BODY = YES;
				CLANG_WARN_ENUM_CONVERSION = YES;
				CLANG_WARN_INFINITE_RECURSION = YES;
				CLANG_WARN_INT_CONVERSION = YES;
				CLANG_WARN_NON_LITERAL_NULL_CONVERSION = YES;
				CLANG_WARN_OBJC_IMPLICIT_RETAIN_SELF = YES;
				CLANG_WARN_OBJC_LITERAL_CONVERSION = YES;
				CLANG_WARN_OBJC_ROOT_CLASS = YES_ERROR;
				CLANG_WARN_QUOTED_INCLUDE_IN_FRAMEWORK_HEADER = YES;
				CLANG_WARN_RANGE_LOOP_ANALYSIS = YES;
				CLANG_WARN_STRICT_PROTOTYPES = YES;
				CLANG_WARN_SUSPICIOUS_MOVE = YES;
				CLANG_WARN_UNGUARDED_AVAILABILITY = YES_AGGRESSIVE;
				CLANG_WARN_UNREACHABLE_CODE = YES;
				CLANG_WARN__DUPLICATE_METHOD_MATCH = YES;
				COPY_PHASE_STRIP = NO;
				DEBUG_INFORMATION_FORMAT = "dwarf-with-dsym";
				ENABLE_NS_ASSERTIONS = NO;
				ENABLE_STRICT_OBJC_MSGSEND = YES;
				GCC_C_LANGUAGE_STANDARD = gnu11;
				GCC_NO_COMMON_BLOCKS = YES;
				GCC_WARN_64_TO_32_BIT_CONVERSION = YES;
				GCC_WARN_ABOUT_RETURN_TYPE = YES_ERROR;
				GCC_WARN_UNDECLARED_SELECTOR = YES;
				GCC_WARN_UNINITIALIZED_AUTOS = YES_AGGRESSIVE;
				GCC_WARN_UNUSED_FUNCTION = YES;
				GCC_WARN_UNUSED_VARIABLE = YES;
				IPHONEOS_DEPLOYMENT_TARGET = 15.2;
				MTL_ENABLE_DEBUG_INFO = NO;
				MTL_FAST_MATH = YES;
				SDKROOT = iphoneos;
				SWIFT_COMPILATION_MODE = wholemodule;
				SWIFT_OPTIMIZATION_LEVEL = "-O";
				VALIDATE_PRODUCT = YES;
			};
			name = Release;
		};
		A3792D18281FE7DF00BB8ADD /* Debug */ = {
			isa = XCBuildConfiguration;
			buildSettings = {
				ASSETCATALOG_COMPILER_APPICON_NAME = AppIcon;
				ASSETCATALOG_COMPILER_GLOBAL_ACCENT_COLOR_NAME = AccentColor;
				CODE_SIGN_STYLE = Automatic;
				CURRENT_PROJECT_VERSION = 1;
				GENERATE_INFOPLIST_FILE = YES;
				INFOPLIST_FILE = TravelList/Info.plist;
				INFOPLIST_KEY_UIApplicationSupportsIndirectInputEvents = YES;
				INFOPLIST_KEY_UILaunchStoryboardName = LaunchScreen;
				INFOPLIST_KEY_UISupportedInterfaceOrientations_iPad = "UIInterfaceOrientationPortrait UIInterfaceOrientationPortraitUpsideDown UIInterfaceOrientationLandscapeLeft UIInterfaceOrientationLandscapeRight";
				INFOPLIST_KEY_UISupportedInterfaceOrientations_iPhone = "UIInterfaceOrientationPortrait UIInterfaceOrientationLandscapeLeft UIInterfaceOrientationLandscapeRight";
				LD_RUNPATH_SEARCH_PATHS = (
					"$(inherited)",
					"@executable_path/Frameworks",
				);
				MARKETING_VERSION = 1.0;
				PRODUCT_BUNDLE_IDENTIFIER = OOO.TravelList;
				PRODUCT_NAME = "$(TARGET_NAME)";
				SWIFT_EMIT_LOC_STRINGS = YES;
				SWIFT_VERSION = 5.0;
				TARGETED_DEVICE_FAMILY = 1;
			};
			name = Debug;
		};
		A3792D19281FE7DF00BB8ADD /* Release */ = {
			isa = XCBuildConfiguration;
			buildSettings = {
				ASSETCATALOG_COMPILER_APPICON_NAME = AppIcon;
				ASSETCATALOG_COMPILER_GLOBAL_ACCENT_COLOR_NAME = AccentColor;
				CODE_SIGN_STYLE = Automatic;
				CURRENT_PROJECT_VERSION = 1;
				GENERATE_INFOPLIST_FILE = YES;
				INFOPLIST_FILE = TravelList/Info.plist;
				INFOPLIST_KEY_UIApplicationSupportsIndirectInputEvents = YES;
				INFOPLIST_KEY_UILaunchStoryboardName = LaunchScreen;
				INFOPLIST_KEY_UISupportedInterfaceOrientations_iPad = "UIInterfaceOrientationPortrait UIInterfaceOrientationPortraitUpsideDown UIInterfaceOrientationLandscapeLeft UIInterfaceOrientationLandscapeRight";
				INFOPLIST_KEY_UISupportedInterfaceOrientations_iPhone = "UIInterfaceOrientationPortrait UIInterfaceOrientationLandscapeLeft UIInterfaceOrientationLandscapeRight";
				LD_RUNPATH_SEARCH_PATHS = (
					"$(inherited)",
					"@executable_path/Frameworks",
				);
				MARKETING_VERSION = 1.0;
				PRODUCT_BUNDLE_IDENTIFIER = OOO.TravelList;
				PRODUCT_NAME = "$(TARGET_NAME)";
				SWIFT_EMIT_LOC_STRINGS = YES;
				SWIFT_VERSION = 5.0;
				TARGETED_DEVICE_FAMILY = 1;
			};
			name = Release;
		};
		A3792D1B281FE7DF00BB8ADD /* Debug */ = {
			isa = XCBuildConfiguration;
			buildSettings = {
				ALWAYS_EMBED_SWIFT_STANDARD_LIBRARIES = YES;
				BUNDLE_LOADER = "$(TEST_HOST)";
				CODE_SIGN_STYLE = Automatic;
				CURRENT_PROJECT_VERSION = 1;
				GENERATE_INFOPLIST_FILE = YES;
				IPHONEOS_DEPLOYMENT_TARGET = 15.2;
				MARKETING_VERSION = 1.0;
				PRODUCT_BUNDLE_IDENTIFIER = OOO.TravelListTests;
				PRODUCT_NAME = "$(TARGET_NAME)";
				SWIFT_EMIT_LOC_STRINGS = NO;
				SWIFT_VERSION = 5.0;
				TARGETED_DEVICE_FAMILY = "1,2";
				TEST_HOST = "$(BUILT_PRODUCTS_DIR)/TravelList.app/TravelList";
			};
			name = Debug;
		};
		A3792D1C281FE7DF00BB8ADD /* Release */ = {
			isa = XCBuildConfiguration;
			buildSettings = {
				ALWAYS_EMBED_SWIFT_STANDARD_LIBRARIES = YES;
				BUNDLE_LOADER = "$(TEST_HOST)";
				CODE_SIGN_STYLE = Automatic;
				CURRENT_PROJECT_VERSION = 1;
				GENERATE_INFOPLIST_FILE = YES;
				IPHONEOS_DEPLOYMENT_TARGET = 15.2;
				MARKETING_VERSION = 1.0;
				PRODUCT_BUNDLE_IDENTIFIER = OOO.TravelListTests;
				PRODUCT_NAME = "$(TARGET_NAME)";
				SWIFT_EMIT_LOC_STRINGS = NO;
				SWIFT_VERSION = 5.0;
				TARGETED_DEVICE_FAMILY = "1,2";
				TEST_HOST = "$(BUILT_PRODUCTS_DIR)/TravelList.app/TravelList";
			};
			name = Release;
		};
		A3792D1E281FE7DF00BB8ADD /* Debug */ = {
			isa = XCBuildConfiguration;
			buildSettings = {
				ALWAYS_EMBED_SWIFT_STANDARD_LIBRARIES = YES;
				CODE_SIGN_STYLE = Automatic;
				CURRENT_PROJECT_VERSION = 1;
				GENERATE_INFOPLIST_FILE = YES;
				MARKETING_VERSION = 1.0;
				PRODUCT_BUNDLE_IDENTIFIER = OOO.TravelListUITests;
				PRODUCT_NAME = "$(TARGET_NAME)";
				SWIFT_EMIT_LOC_STRINGS = NO;
				SWIFT_VERSION = 5.0;
				TARGETED_DEVICE_FAMILY = "1,2";
				TEST_TARGET_NAME = TravelList;
			};
			name = Debug;
		};
		A3792D1F281FE7DF00BB8ADD /* Release */ = {
			isa = XCBuildConfiguration;
			buildSettings = {
				ALWAYS_EMBED_SWIFT_STANDARD_LIBRARIES = YES;
				CODE_SIGN_STYLE = Automatic;
				CURRENT_PROJECT_VERSION = 1;
				GENERATE_INFOPLIST_FILE = YES;
				MARKETING_VERSION = 1.0;
				PRODUCT_BUNDLE_IDENTIFIER = OOO.TravelListUITests;
				PRODUCT_NAME = "$(TARGET_NAME)";
				SWIFT_EMIT_LOC_STRINGS = NO;
				SWIFT_VERSION = 5.0;
				TARGETED_DEVICE_FAMILY = "1,2";
				TEST_TARGET_NAME = TravelList;
			};
			name = Release;
		};
/* End XCBuildConfiguration section */

/* Begin XCConfigurationList section */
		A3792CE5281FE7DD00BB8ADD /* Build configuration list for PBXProject "TravelList" */ = {
			isa = XCConfigurationList;
			buildConfigurations = (
				A3792D15281FE7DF00BB8ADD /* Debug */,
				A3792D16281FE7DF00BB8ADD /* Release */,
			);
			defaultConfigurationIsVisible = 0;
			defaultConfigurationName = Release;
		};
		A3792D17281FE7DF00BB8ADD /* Build configuration list for PBXNativeTarget "TravelList" */ = {
			isa = XCConfigurationList;
			buildConfigurations = (
				A3792D18281FE7DF00BB8ADD /* Debug */,
				A3792D19281FE7DF00BB8ADD /* Release */,
			);
			defaultConfigurationIsVisible = 0;
			defaultConfigurationName = Release;
		};
		A3792D1A281FE7DF00BB8ADD /* Build configuration list for PBXNativeTarget "TravelListTests" */ = {
			isa = XCConfigurationList;
			buildConfigurations = (
				A3792D1B281FE7DF00BB8ADD /* Debug */,
				A3792D1C281FE7DF00BB8ADD /* Release */,
			);
			defaultConfigurationIsVisible = 0;
			defaultConfigurationName = Release;
		};
		A3792D1D281FE7DF00BB8ADD /* Build configuration list for PBXNativeTarget "TravelListUITests" */ = {
			isa = XCConfigurationList;
			buildConfigurations = (
				A3792D1E281FE7DF00BB8ADD /* Debug */,
				A3792D1F281FE7DF00BB8ADD /* Release */,
			);
			defaultConfigurationIsVisible = 0;
			defaultConfigurationName = Release;
		};
/* End XCConfigurationList section */

/* Begin XCVersionGroup section */
		A3792CF6281FE7DD00BB8ADD /* TravelList.xcdatamodeld */ = {
			isa = XCVersionGroup;
			children = (
				A3792CF7281FE7DD00BB8ADD /* TravelList.xcdatamodel */,
			);
			currentVersion = A3792CF7281FE7DD00BB8ADD /* TravelList.xcdatamodel */;
			path = TravelList.xcdatamodeld;
			sourceTree = "<group>";
			versionGroupType = wrapper.xcdatamodel;
		};
/* End XCVersionGroup section */
	};
	rootObject = A3792CE2281FE7DD00BB8ADD /* Project object */;
}
